{
  "name": "@turnoutt/capacitor-firebase-dynamic-links",
  "version": "0.2.3",
  "lockfileVersion": 1,
  "requires": true,
  "dependencies": {
    "@capacitor/android": {
      "version": "3.0.0",
      "resolved": "https://registry.npmjs.org/@capacitor/android/-/android-3.0.0.tgz",
      "integrity": "sha512-qyvI3LzfGvVnSK7Dw3dXXLSJjfj816EfWHiyGzV4Rg5r2XkvPa8IqjHT3lmyxwNJjGdHl3TTn9Q6YvM6XD70cQ==",
      "dev": true
    },
    "@capacitor/core": {
      "version": "3.0.0",
      "resolved": "https://registry.npmjs.org/@capacitor/core/-/core-3.0.0.tgz",
      "integrity": "sha512-JmKE6QEayo8MqWcApwMP5YFimpVb2mcIEHBwgP/P9nSAOxOcbdpJyd9HhBt5pzZAE1MBngPADWWwZLrdNSjCnA==",
      "requires": {
        "tslib": "^2.1.0"
      }
    },
    "@capacitor/ios": {
      "version": "3.0.0",
      "resolved": "https://registry.npmjs.org/@capacitor/ios/-/ios-3.0.0.tgz",
      "integrity": "sha512-EvWW86hQqmoY0qFV1LJyZujlgfEgl4iEUJVhCv84mshMyS2bXZu5Ip4yuKtJBDsKmTWyA7rfcAnPMEnUfQ6bkw==",
      "dev": true
    },
    "tslib": {
      "version": "2.2.0",
      "resolved": "https://registry.npmjs.org/tslib/-/tslib-2.2.0.tgz",
      "integrity": "sha512-gS9GVHRU+RGn5KQM2rllAlR3dU6m7AcpJKdtH8gFvQiC4Otgk98XnmMU+nZenHt/+VhnBPWwgrJsyrdcw6i23w=="
    },
    "typescript": {
      "version": "4.2.4",
      "resolved": "https://registry.npmjs.org/typescript/-/typescript-4.2.4.tgz",
      "integrity": "sha512-V+evlYHZnQkaz8TRBuxTA92yZBPotr5H+WhQ7bD3hZUndx5tGOa1fuCgeSjxAzM1RiN5IzvadIXTVefuuwZCRg==",
      "dev": true
    }
  }
}
